
Microsoft Visual Studio Solution File, Format Version 12.00
# Visual Studio Version 17
VisualStudioVersion = 17.8.34511.84
MinimumVisualStudioVersion = 10.0.40219.1
Project("{FAE04EC0-301F-11D3-BF4B-00C04F79EFBC}") = "JccModbus", "JccModbus.csproj", "{3469BF41-FA11-4C0B-8E94-A8EB3898F590}"
EndProject
Global
	GlobalSection(SolutionConfigurationPlatforms) = preSolution
		Debug|Any CPU = Debug|Any CPU
		Release|Any CPU = Release|Any CPU
	EndGlobalSection
	GlobalSection(ProjectConfigurationPlatforms) = postSolution
		{3469BF41-FA11-4C0B-8E94-A8EB3898F590}.Debug|Any CPU.ActiveCfg = Debug|Any CPU
		{3469BF41-FA11-4C0B-8E94-A8EB3898F590}.Debug|Any CPU.Build.0 = Debug|Any CPU
		{3469BF41-FA11-4C0B-8E94-A8EB3898F590}.Release|Any CPU.ActiveCfg = Release|Any CPU
		{3469BF41-FA11-4C0B-8E94-A8EB3898F590}.Release|Any CPU.Build.0 = Release|Any CPU
	EndGlobalSection
	GlobalSection(SolutionProperties) = preSolution
		HideSolutionNode = FALSE
	EndGlobalSection
	GlobalSection(ExtensibilityGlobals) = postSolution
		SolutionGuid = {D998A0C7-9985-42C2-A95F-DEDC9EFBB58C}
	EndGlobalSection
EndGlobal
